Microsoft Visual Studio Solution File, Format Version 12.00
# Visual Studio 2013
VisualStudioVersion = 12.0.31101.0
MinimumVisualStudioVersion = 10.0.40219.1
Project("{2150E333-8FDC-42A3-9474-1A3956D46DE8}") = "Solution Items", "Solution Items", "{D9409C5F-01D5-40CF-BF48-1F75957FEB21}"
	ProjectSection(SolutionItems) = preProject
		..\..\security\ApacheLicense.txt = ..\..\security\ApacheLicense.txt
		app.config = app.config
		changes.txt = changes.txt
		..\checkout.bat = ..\checkout.bat
		license.rtf = license.rtf
		..\src\base\Logger.cs = ..\src\base\Logger.cs
		..\ProjectNotes.txt = ..\ProjectNotes.txt
		readme.rtf = readme.rtf
		sample.xml = sample.xml
		..\setupdev.bat = ..\setupdev.bat
	EndProjectSection
EndProject
Project("{FAE04EC0-301F-11D3-BF4B-00C04F79EFBC}") = "CyberSource.Base", "Cybersource\base\CyberSource.Base.csproj", "{6EC4A1FB-44CE-4326-92A5-88A1ECC615BD}"
EndProject
Project("{FAE04EC0-301F-11D3-BF4B-00C04F79EFBC}") = "BaseTest", "CyberSourceTests\BaseTest\BaseTest.csproj", "{F47D95C8-8CB6-495C-B2EB-09DAEC073355}"
EndProject
Project("{FAE04EC0-301F-11D3-BF4B-00C04F79EFBC}") = "CyberSource.Clients", "CyberSource\Client\CyberSource.Clients.csproj", "{E8400F49-3B8C-4B9F-B7A4-10A7960065E3}"
EndProject
Project("{FAE04EC0-301F-11D3-BF4B-00C04F79EFBC}") = "MTTest", "CyberSourceTests\MTTest\MTTest.csproj", "{D1AA5F75-A926-405A-8F97-84042044C06A}"
EndProject
Project("{FAE04EC0-301F-11D3-BF4B-00C04F79EFBC}") = "NVPSample", "CyberSourceSamples\src\nvp\NVPSample.csproj", "{B9CF0875-A892-4D4A-9F85-9D5B3F641C71}"
EndProject
Project("{FAE04EC0-301F-11D3-BF4B-00C04F79EFBC}") = "SoapSample", "CyberSourceSamples\src\soap\SoapSample.csproj", "{E9FF33D2-3FBC-4887-A6C8-0575DC4888BC}"
EndProject
Project("{FAE04EC0-301F-11D3-BF4B-00C04F79EFBC}") = "XmlSample", "CyberSourceSamples\src\xml\XmlSample.csproj", "{F1888CEB-BD9D-4090-BD3D-E525354881A3}"
EndProject
Global
	GlobalSection(SolutionConfigurationPlatforms) = preSolution
		Debug_without_setup|Any CPU = Debug_without_setup|Any CPU
		Debug_without_setup|Mixed Platforms = Debug_without_setup|Mixed Platforms
		Debug_without_setup|Win32 = Debug_without_setup|Win32
		Debug_without_setup|x86 = Debug_without_setup|x86
		Debug|Any CPU = Debug|Any CPU
		Debug|Mixed Platforms = Debug|Mixed Platforms
		Debug|Win32 = Debug|Win32
		Debug|x86 = Debug|x86
		Release_without_setup|Any CPU = Release_without_setup|Any CPU
		Release_without_setup|Mixed Platforms = Release_without_setup|Mixed Platforms
		Release_without_setup|Win32 = Release_without_setup|Win32
		Release_without_setup|x86 = Release_without_setup|x86
		Release|Any CPU = Release|Any CPU
		Release|Mixed Platforms = Release|Mixed Platforms
		Release|Win32 = Release|Win32
		Release|x86 = Release|x86
	EndGlobalSection
	GlobalSection(ProjectConfigurationPlatforms) = postSolution
		{6EC4A1FB-44CE-4326-92A5-88A1ECC615BD}.Debug_without_setup|Any CPU.ActiveCfg = Debug|Any CPU
		{6EC4A1FB-44CE-4326-92A5-88A1ECC615BD}.Debug_without_setup|Any CPU.Build.0 = Debug|Any CPU
		{6EC4A1FB-44CE-4326-92A5-88A1ECC615BD}.Debug_without_setup|Mixed Platforms.ActiveCfg = Debug|x86
		{6EC4A1FB-44CE-4326-92A5-88A1ECC615BD}.Debug_without_setup|Mixed Platforms.Build.0 = Debug|x86
		{6EC4A1FB-44CE-4326-92A5-88A1ECC615BD}.Debug_without_setup|Win32.ActiveCfg = Debug|x86
		{6EC4A1FB-44CE-4326-92A5-88A1ECC615BD}.Debug_without_setup|Win32.Build.0 = Debug|x86
		{6EC4A1FB-44CE-4326-92A5-88A1ECC615BD}.Debug_without_setup|x86.ActiveCfg = Debug|x86
		{6EC4A1FB-44CE-4326-92A5-88A1ECC615BD}.Debug_without_setup|x86.Build.0 = Debug|x86
		{6EC4A1FB-44CE-4326-92A5-88A1ECC615BD}.Debug|Any CPU.ActiveCfg = Debug|Any CPU
		{6EC4A1FB-44CE-4326-92A5-88A1ECC615BD}.Debug|Any CPU.Build.0 = Debug|Any CPU
		{6EC4A1FB-44CE-4326-92A5-88A1ECC615BD}.Debug|Mixed Platforms.ActiveCfg = Debug|x86
		{6EC4A1FB-44CE-4326-92A5-88A1ECC615BD}.Debug|Mixed Platforms.Build.0 = Debug|x86
		{6EC4A1FB-44CE-4326-92A5-88A1ECC615BD}.Debug|Win32.ActiveCfg = Debug|x86
		{6EC4A1FB-44CE-4326-92A5-88A1ECC615BD}.Debug|Win32.Build.0 = Debug|x86
		{6EC4A1FB-44CE-4326-92A5-88A1ECC615BD}.Debug|x86.ActiveCfg = Debug|x86
		{6EC4A1FB-44CE-4326-92A5-88A1ECC615BD}.Debug|x86.Build.0 = Debug|x86
		{6EC4A1FB-44CE-4326-92A5-88A1ECC615BD}.Release_without_setup|Any CPU.ActiveCfg = Release|Any CPU
		{6EC4A1FB-44CE-4326-92A5-88A1ECC615BD}.Release_without_setup|Any CPU.Build.0 = Release|Any CPU
		{6EC4A1FB-44CE-4326-92A5-88A1ECC615BD}.Release_without_setup|Mixed Platforms.ActiveCfg = Release|x86
		{6EC4A1FB-44CE-4326-92A5-88A1ECC615BD}.Release_without_setup|Mixed Platforms.Build.0 = Release|x86
		{6EC4A1FB-44CE-4326-92A5-88A1ECC615BD}.Release_without_setup|Win32.ActiveCfg = Release|x86
		{6EC4A1FB-44CE-4326-92A5-88A1ECC615BD}.Release_without_setup|Win32.Build.0 = Release|x86
		{6EC4A1FB-44CE-4326-92A5-88A1ECC615BD}.Release_without_setup|x86.ActiveCfg = Release|x86
		{6EC4A1FB-44CE-4326-92A5-88A1ECC615BD}.Release_without_setup|x86.Build.0 = Release|x86
		{6EC4A1FB-44CE-4326-92A5-88A1ECC615BD}.Release|Any CPU.ActiveCfg = Release|Any CPU
		{6EC4A1FB-44CE-4326-92A5-88A1ECC615BD}.Release|Any CPU.Build.0 = Release|Any CPU
		{6EC4A1FB-44CE-4326-92A5-88A1ECC615BD}.Release|Mixed Platforms.ActiveCfg = Release|x86
		{6EC4A1FB-44CE-4326-92A5-88A1ECC615BD}.Release|Mixed Platforms.Build.0 = Release|x86
		{6EC4A1FB-44CE-4326-92A5-88A1ECC615BD}.Release|Win32.ActiveCfg = Release|x86
		{6EC4A1FB-44CE-4326-92A5-88A1ECC615BD}.Release|Win32.Build.0 = Release|x86
		{6EC4A1FB-44CE-4326-92A5-88A1ECC615BD}.Release|x86.ActiveCfg = Release|x86
		{6EC4A1FB-44CE-4326-92A5-88A1ECC615BD}.Release|x86.Build.0 = Release|x86
		{F47D95C8-8CB6-495C-B2EB-09DAEC073355}.Debug_without_setup|Any CPU.ActiveCfg = Debug|Any CPU
		{F47D95C8-8CB6-495C-B2EB-09DAEC073355}.Debug_without_setup|Any CPU.Build.0 = Debug|Any CPU
		{F47D95C8-8CB6-495C-B2EB-09DAEC073355}.Debug_without_setup|Mixed Platforms.ActiveCfg = Debug|x86
		{F47D95C8-8CB6-495C-B2EB-09DAEC073355}.Debug_without_setup|Mixed Platforms.Build.0 = Debug|x86
		{F47D95C8-8CB6-495C-B2EB-09DAEC073355}.Debug_without_setup|Win32.ActiveCfg = Debug|x86
		{F47D95C8-8CB6-495C-B2EB-09DAEC073355}.Debug_without_setup|Win32.Build.0 = Debug|x86
		{F47D95C8-8CB6-495C-B2EB-09DAEC073355}.Debug_without_setup|x86.ActiveCfg = Debug|x86
		{F47D95C8-8CB6-495C-B2EB-09DAEC073355}.Debug_without_setup|x86.Build.0 = Debug|x86
		{F47D95C8-8CB6-495C-B2EB-09DAEC073355}.Debug|Any CPU.ActiveCfg = Debug|Any CPU
		{F47D95C8-8CB6-495C-B2EB-09DAEC073355}.Debug|Any CPU.Build.0 = Debug|Any CPU
		{F47D95C8-8CB6-495C-B2EB-09DAEC073355}.Debug|Mixed Platforms.ActiveCfg = Debug|x86
		{F47D95C8-8CB6-495C-B2EB-09DAEC073355}.Debug|Mixed Platforms.Build.0 = Debug|x86
		{F47D95C8-8CB6-495C-B2EB-09DAEC073355}.Debug|Win32.ActiveCfg = Debug|x86
		{F47D95C8-8CB6-495C-B2EB-09DAEC073355}.Debug|Win32.Build.0 = Debug|x86
		{F47D95C8-8CB6-495C-B2EB-09DAEC073355}.Debug|x86.ActiveCfg = Debug|x86
		{F47D95C8-8CB6-495C-B2EB-09DAEC073355}.Debug|x86.Build.0 = Debug|x86
		{F47D95C8-8CB6-495C-B2EB-09DAEC073355}.Release_without_setup|Any CPU.ActiveCfg = Release|Any CPU
		{F47D95C8-8CB6-495C-B2EB-09DAEC073355}.Release_without_setup|Any CPU.Build.0 = Release|Any CPU
		{F47D95C8-8CB6-495C-B2EB-09DAEC073355}.Release_without_setup|Mixed Platforms.ActiveCfg = Release|x86
		{F47D95C8-8CB6-495C-B2EB-09DAEC073355}.Release_without_setup|Mixed Platforms.Build.0 = Release|x86
		{F47D95C8-8CB6-495C-B2EB-09DAEC073355}.Release_without_setup|Win32.ActiveCfg = Release|x86
		{F47D95C8-8CB6-495C-B2EB-09DAEC073355}.Release_without_setup|Win32.Build.0 = Release|x86
		{F47D95C8-8CB6-495C-B2EB-09DAEC073355}.Release_without_setup|x86.ActiveCfg = Release|x86
		{F47D95C8-8CB6-495C-B2EB-09DAEC073355}.Release_without_setup|x86.Build.0 = Release|x86
		{F47D95C8-8CB6-495C-B2EB-09DAEC073355}.Release|Any CPU.ActiveCfg = Release|Any CPU
		{F47D95C8-8CB6-495C-B2EB-09DAEC073355}.Release|Any CPU.Build.0 = Release|Any CPU
		{F47D95C8-8CB6-495C-B2EB-09DAEC073355}.Release|Mixed Platforms.ActiveCfg = Release|x86
		{F47D95C8-8CB6-495C-B2EB-09DAEC073355}.Release|Mixed Platforms.Build.0 = Release|x86
		{F47D95C8-8CB6-495C-B2EB-09DAEC073355}.Release|Win32.ActiveCfg = Release|x86
		{F47D95C8-8CB6-495C-B2EB-09DAEC073355}.Release|Win32.Build.0 = Release|x86
		{F47D95C8-8CB6-495C-B2EB-09DAEC073355}.Release|x86.ActiveCfg = Release|x86
		{F47D95C8-8CB6-495C-B2EB-09DAEC073355}.Release|x86.Build.0 = Release|x86
		{E8400F49-3B8C-4B9F-B7A4-10A7960065E3}.Debug_without_setup|Any CPU.ActiveCfg = Debug|Any CPU
		{E8400F49-3B8C-4B9F-B7A4-10A7960065E3}.Debug_without_setup|Any CPU.Build.0 = Debug|Any CPU
		{E8400F49-3B8C-4B9F-B7A4-10A7960065E3}.Debug_without_setup|Mixed Platforms.ActiveCfg = Debug|x86
		{E8400F49-3B8C-4B9F-B7A4-10A7960065E3}.Debug_without_setup|Mixed Platforms.Build.0 = Debug|x86
		{E8400F49-3B8C-4B9F-B7A4-10A7960065E3}.Debug_without_setup|Win32.ActiveCfg = Debug|x86
		{E8400F49-3B8C-4B9F-B7A4-10A7960065E3}.Debug_without_setup|Win32.Build.0 = Debug|x86
		{E8400F49-3B8C-4B9F-B7A4-10A7960065E3}.Debug_without_setup|x86.ActiveCfg = Debug|x86
		{E8400F49-3B8C-4B9F-B7A4-10A7960065E3}.Debug_without_setup|x86.Build.0 = Debug|x86
		{E8400F49-3B8C-4B9F-B7A4-10A7960065E3}.Debug|Any CPU.ActiveCfg = Debug|Any CPU
		{E8400F49-3B8C-4B9F-B7A4-10A7960065E3}.Debug|Any CPU.Build.0 = Debug|Any CPU
		{E8400F49-3B8C-4B9F-B7A4-10A7960065E3}.Debug|Mixed Platforms.ActiveCfg = Debug|x86
		{E8400F49-3B8C-4B9F-B7A4-10A7960065E3}.Debug|Mixed Platforms.Build.0 = Debug|x86
		{E8400F49-3B8C-4B9F-B7A4-10A7960065E3}.Debug|Win32.ActiveCfg = Debug|x86
		{E8400F49-3B8C-4B9F-B7A4-10A7960065E3}.Debug|Win32.Build.0 = Debug|x86
		{E8400F49-3B8C-4B9F-B7A4-10A7960065E3}.Debug|x86.ActiveCfg = Debug|x86
		{E8400F49-3B8C-4B9F-B7A4-10A7960065E3}.Debug|x86.Build.0 = Debug|x86
		{E8400F49-3B8C-4B9F-B7A4-10A7960065E3}.Release_without_setup|Any CPU.ActiveCfg = Release|Any CPU
		{E8400F49-3B8C-4B9F-B7A4-10A7960065E3}.Release_without_setup|Any CPU.Build.0 = Release|Any CPU
		{E8400F49-3B8C-4B9F-B7A4-10A7960065E3}.Release_without_setup|Mixed Platforms.ActiveCfg = Release|x86
		{E8400F49-3B8C-4B9F-B7A4-10A7960065E3}.Release_without_setup|Mixed Platforms.Build.0 = Release|x86
		{E8400F49-3B8C-4B9F-B7A4-10A7960065E3}.Release_without_setup|Win32.ActiveCfg = Release|x86
		{E8400F49-3B8C-4B9F-B7A4-10A7960065E3}.Release_without_setup|Win32.Build.0 = Release|x86
		{E8400F49-3B8C-4B9F-B7A4-10A7960065E3}.Release_without_setup|x86.ActiveCfg = Release|x86
		{E8400F49-3B8C-4B9F-B7A4-10A7960065E3}.Release_without_setup|x86.Build.0 = Release|x86
		{E8400F49-3B8C-4B9F-B7A4-10A7960065E3}.Release|Any CPU.ActiveCfg = Release|Any CPU
		{E8400F49-3B8C-4B9F-B7A4-10A7960065E3}.Release|Any CPU.Build.0 = Release|Any CPU
		{E8400F49-3B8C-4B9F-B7A4-10A7960065E3}.Release|Mixed Platforms.ActiveCfg = Release|x86
		{E8400F49-3B8C-4B9F-B7A4-10A7960065E3}.Release|Mixed Platforms.Build.0 = Release|x86
		{E8400F49-3B8C-4B9F-B7A4-10A7960065E3}.Release|Win32.ActiveCfg = Release|x86
		{E8400F49-3B8C-4B9F-B7A4-10A7960065E3}.Release|Win32.Build.0 = Release|x86
		{E8400F49-3B8C-4B9F-B7A4-10A7960065E3}.Release|x86.ActiveCfg = Release|x86
		{E8400F49-3B8C-4B9F-B7A4-10A7960065E3}.Release|x86.Build.0 = Release|x86
		{D1AA5F75-A926-405A-8F97-84042044C06A}.Debug_without_setup|Any CPU.ActiveCfg = Debug|Any CPU
		{D1AA5F75-A926-405A-8F97-84042044C06A}.Debug_without_setup|Any CPU.Build.0 = Debug|Any CPU
		{D1AA5F75-A926-405A-8F97-84042044C06A}.Debug_without_setup|Mixed Platforms.ActiveCfg = Debug|x86
		{D1AA5F75-A926-405A-8F97-84042044C06A}.Debug_without_setup|Mixed Platforms.Build.0 = Debug|x86
		{D1AA5F75-A926-405A-8F97-84042044C06A}.Debug_without_setup|Win32.ActiveCfg = Debug|x86
		{D1AA5F75-A926-405A-8F97-84042044C06A}.Debug_without_setup|Win32.Build.0 = Debug|x86
		{D1AA5F75-A926-405A-8F97-84042044C06A}.Debug_without_setup|x86.ActiveCfg = Debug|x86
		{D1AA5F75-A926-405A-8F97-84042044C06A}.Debug_without_setup|x86.Build.0 = Debug|x86
		{D1AA5F75-A926-405A-8F97-84042044C06A}.Debug|Any CPU.ActiveCfg = Debug|Any CPU
		{D1AA5F75-A926-405A-8F97-84042044C06A}.Debug|Any CPU.Build.0 = Debug|Any CPU
		{D1AA5F75-A926-405A-8F97-84042044C06A}.Debug|Mixed Platforms.ActiveCfg = Debug|x86
		{D1AA5F75-A926-405A-8F97-84042044C06A}.Debug|Mixed Platforms.Build.0 = Debug|x86
		{D1AA5F75-A926-405A-8F97-84042044C06A}.Debug|Win32.ActiveCfg = Debug|x86
		{D1AA5F75-A926-405A-8F97-84042044C06A}.Debug|Win32.Build.0 = Debug|x86
		{D1AA5F75-A926-405A-8F97-84042044C06A}.Debug|x86.ActiveCfg = Debug|x86
		{D1AA5F75-A926-405A-8F97-84042044C06A}.Debug|x86.Build.0 = Debug|x86
		{D1AA5F75-A926-405A-8F97-84042044C06A}.Release_without_setup|Any CPU.ActiveCfg = Release|Any CPU
		{D1AA5F75-A926-405A-8F97-84042044C06A}.Release_without_setup|Any CPU.Build.0 = Release|Any CPU
		{D1AA5F75-A926-405A-8F97-84042044C06A}.Release_without_setup|Mixed Platforms.ActiveCfg = Release|x86
		{D1AA5F75-A926-405A-8F97-84042044C06A}.Release_without_setup|Mixed Platforms.Build.0 = Release|x86
		{D1AA5F75-A926-405A-8F97-84042044C06A}.Release_without_setup|Win32.ActiveCfg = Release|x86
		{D1AA5F75-A926-405A-8F97-84042044C06A}.Release_without_setup|Win32.Build.0 = Release|x86
		{D1AA5F75-A926-405A-8F97-84042044C06A}.Release_without_setup|x86.ActiveCfg = Release|x86
		{D1AA5F75-A926-405A-8F97-84042044C06A}.Release_without_setup|x86.Build.0 = Release|x86
		{D1AA5F75-A926-405A-8F97-84042044C06A}.Release|Any CPU.ActiveCfg = Release|Any CPU
		{D1AA5F75-A926-405A-8F97-84042044C06A}.Release|Any CPU.Build.0 = Release|Any CPU
		{D1AA5F75-A926-405A-8F97-84042044C06A}.Release|Mixed Platforms.ActiveCfg = Release|x86
		{D1AA5F75-A926-405A-8F97-84042044C06A}.Release|Mixed Platforms.Build.0 = Release|x86
		{D1AA5F75-A926-405A-8F97-84042044C06A}.Release|Win32.ActiveCfg = Release|x86
		{D1AA5F75-A926-405A-8F97-84042044C06A}.Release|Win32.Build.0 = Release|x86
		{D1AA5F75-A926-405A-8F97-84042044C06A}.Release|x86.ActiveCfg = Release|x86
		{D1AA5F75-A926-405A-8F97-84042044C06A}.Release|x86.Build.0 = Release|x86
		{B9CF0875-A892-4D4A-9F85-9D5B3F641C71}.Debug_without_setup|Any CPU.ActiveCfg = Debug|Any CPU
		{B9CF0875-A892-4D4A-9F85-9D5B3F641C71}.Debug_without_setup|Any CPU.Build.0 = Debug|Any CPU
		{B9CF0875-A892-4D4A-9F85-9D5B3F641C71}.Debug_without_setup|Mixed Platforms.ActiveCfg = Debug|x86
		{B9CF0875-A892-4D4A-9F85-9D5B3F641C71}.Debug_without_setup|Mixed Platforms.Build.0 = Debug|x86
		{B9CF0875-A892-4D4A-9F85-9D5B3F641C71}.Debug_without_setup|Win32.ActiveCfg = Debug|x86
		{B9CF0875-A892-4D4A-9F85-9D5B3F641C71}.Debug_without_setup|Win32.Build.0 = Debug|x86
		{B9CF0875-A892-4D4A-9F85-9D5B3F641C71}.Debug_without_setup|x86.ActiveCfg = Debug|x86
		{B9CF0875-A892-4D4A-9F85-9D5B3F641C71}.Debug_without_setup|x86.Build.0 = Debug|x86
		{B9CF0875-A892-4D4A-9F85-9D5B3F641C71}.Debug|Any CPU.ActiveCfg = Debug|Any CPU
		{B9CF0875-A892-4D4A-9F85-9D5B3F641C71}.Debug|Any CPU.Build.0 = Debug|Any CPU
		{B9CF0875-A892-4D4A-9F85-9D5B3F641C71}.Debug|Mixed Platforms.ActiveCfg = Debug|x86
		{B9CF0875-A892-4D4A-9F85-9D5B3F641C71}.Debug|Mixed Platforms.Build.0 = Debug|x86
		{B9CF0875-A892-4D4A-9F85-9D5B3F641C71}.Debug|Win32.ActiveCfg = Debug|x86
		{B9CF0875-A892-4D4A-9F85-9D5B3F641C71}.Debug|Win32.Build.0 = Debug|x86
		{B9CF0875-A892-4D4A-9F85-9D5B3F641C71}.Debug|x86.ActiveCfg = Debug|x86
		{B9CF0875-A892-4D4A-9F85-9D5B3F641C71}.Debug|x86.Build.0 = Debug|x86
		{B9CF0875-A892-4D4A-9F85-9D5B3F641C71}.Release_without_setup|Any CPU.ActiveCfg = Release|Any CPU
		{B9CF0875-A892-4D4A-9F85-9D5B3F641C71}.Release_without_setup|Any CPU.Build.0 = Release|Any CPU
		{B9CF0875-A892-4D4A-9F85-9D5B3F641C71}.Release_without_setup|Mixed Platforms.ActiveCfg = Release|x86
		{B9CF0875-A892-4D4A-9F85-9D5B3F641C71}.Release_without_setup|Mixed Platforms.Build.0 = Release|x86
		{B9CF0875-A892-4D4A-9F85-9D5B3F641C71}.Release_without_setup|Win32.ActiveCfg = Release|x86
		{B9CF0875-A892-4D4A-9F85-9D5B3F641C71}.Release_without_setup|Win32.Build.0 = Release|x86
		{B9CF0875-A892-4D4A-9F85-9D5B3F641C71}.Release_without_setup|x86.ActiveCfg = Release|x86
		{B9CF0875-A892-4D4A-9F85-9D5B3F641C71}.Release_without_setup|x86.Build.0 = Release|x86
		{B9CF0875-A892-4D4A-9F85-9D5B3F641C71}.Release|Any CPU.ActiveCfg = Release|Any CPU
		{B9CF0875-A892-4D4A-9F85-9D5B3F641C71}.Release|Any CPU.Build.0 = Release|Any CPU
		{B9CF0875-A892-4D4A-9F85-9D5B3F641C71}.Release|Mixed Platforms.ActiveCfg = Release|x86
		{B9CF0875-A892-4D4A-9F85-9D5B3F641C71}.Release|Mixed Platforms.Build.0 = Release|x86
		{B9CF0875-A892-4D4A-9F85-9D5B3F641C71}.Release|Win32.ActiveCfg = Release|x86
		{B9CF0875-A892-4D4A-9F85-9D5B3F641C71}.Release|Win32.Build.0 = Release|x86
		{B9CF0875-A892-4D4A-9F85-9D5B3F641C71}.Release|x86.ActiveCfg = Release|x86
		{B9CF0875-A892-4D4A-9F85-9D5B3F641C71}.Release|x86.Build.0 = Release|x86
		{E9FF33D2-3FBC-4887-A6C8-0575DC4888BC}.Debug_without_setup|Any CPU.ActiveCfg = Debug|Any CPU
		{E9FF33D2-3FBC-4887-A6C8-0575DC4888BC}.Debug_without_setup|Any CPU.Build.0 = Debug|Any CPU
		{E9FF33D2-3FBC-4887-A6C8-0575DC4888BC}.Debug_without_setup|Mixed Platforms.ActiveCfg = Debug|x86
		{E9FF33D2-3FBC-4887-A6C8-0575DC4888BC}.Debug_without_setup|Mixed Platforms.Build.0 = Debug|x86
		{E9FF33D2-3FBC-4887-A6C8-0575DC4888BC}.Debug_without_setup|Win32.ActiveCfg = Debug|x86
		{E9FF33D2-3FBC-4887-A6C8-0575DC4888BC}.Debug_without_setup|Win32.Build.0 = Debug|x86
		{E9FF33D2-3FBC-4887-A6C8-0575DC4888BC}.Debug_without_setup|x86.ActiveCfg = Debug|x86
		{E9FF33D2-3FBC-4887-A6C8-0575DC4888BC}.Debug_without_setup|x86.Build.0 = Debug|x86
		{E9FF33D2-3FBC-4887-A6C8-0575DC4888BC}.Debug|Any CPU.ActiveCfg = Debug|Any CPU
		{E9FF33D2-3FBC-4887-A6C8-0575DC4888BC}.Debug|Any CPU.Build.0 = Debug|Any CPU
		{E9FF33D2-3FBC-4887-A6C8-0575DC4888BC}.Debug|Mixed Platforms.ActiveCfg = Debug|x86
		{E9FF33D2-3FBC-4887-A6C8-0575DC4888BC}.Debug|Mixed Platforms.Build.0 = Debug|x86
		{E9FF33D2-3FBC-4887-A6C8-0575DC4888BC}.Debug|Win32.ActiveCfg = Debug|x86
		{E9FF33D2-3FBC-4887-A6C8-0575DC4888BC}.Debug|Win32.Build.0 = Debug|x86
		{E9FF33D2-3FBC-4887-A6C8-0575DC4888BC}.Debug|x86.ActiveCfg = Debug|x86
		{E9FF33D2-3FBC-4887-A6C8-0575DC4888BC}.Debug|x86.Build.0 = Debug|x86
		{E9FF33D2-3FBC-4887-A6C8-0575DC4888BC}.Release_without_setup|Any CPU.ActiveCfg = Release|Any CPU
		{E9FF33D2-3FBC-4887-A6C8-0575DC4888BC}.Release_without_setup|Any CPU.Build.0 = Release|Any CPU
		{E9FF33D2-3FBC-4887-A6C8-0575DC4888BC}.Release_without_setup|Mixed Platforms.ActiveCfg = Release|x86
		{E9FF33D2-3FBC-4887-A6C8-0575DC4888BC}.Release_without_setup|Mixed Platforms.Build.0 = Release|x86
		{E9FF33D2-3FBC-4887-A6C8-0575DC4888BC}.Release_without_setup|Win32.ActiveCfg = Release|x86
		{E9FF33D2-3FBC-4887-A6C8-0575DC4888BC}.Release_without_setup|Win32.Build.0 = Release|x86
		{E9FF33D2-3FBC-4887-A6C8-0575DC4888BC}.Release_without_setup|x86.ActiveCfg = Release|x86
		{E9FF33D2-3FBC-4887-A6C8-0575DC4888BC}.Release_without_setup|x86.Build.0 = Release|x86
		{E9FF33D2-3FBC-4887-A6C8-0575DC4888BC}.Release|Any CPU.ActiveCfg = Release|Any CPU
		{E9FF33D2-3FBC-4887-A6C8-0575DC4888BC}.Release|Any CPU.Build.0 = Release|Any CPU
		{E9FF33D2-3FBC-4887-A6C8-0575DC4888BC}.Release|Mixed Platforms.ActiveCfg = Release|x86
		{E9FF33D2-3FBC-4887-A6C8-0575DC4888BC}.Release|Mixed Platforms.Build.0 = Release|x86
		{E9FF33D2-3FBC-4887-A6C8-0575DC4888BC}.Release|Win32.ActiveCfg = Release|x86
		{E9FF33D2-3FBC-4887-A6C8-0575DC4888BC}.Release|Win32.Build.0 = Release|x86
		{E9FF33D2-3FBC-4887-A6C8-0575DC4888BC}.Release|x86.ActiveCfg = Release|x86
		{E9FF33D2-3FBC-4887-A6C8-0575DC4888BC}.Release|x86.Build.0 = Release|x86
		{F1888CEB-BD9D-4090-BD3D-E525354881A3}.Debug_without_setup|Any CPU.ActiveCfg = Debug|Any CPU
		{F1888CEB-BD9D-4090-BD3D-E525354881A3}.Debug_without_setup|Any CPU.Build.0 = Debug|Any CPU
		{F1888CEB-BD9D-4090-BD3D-E525354881A3}.Debug_without_setup|Mixed Platforms.ActiveCfg = Debug|x86
		{F1888CEB-BD9D-4090-BD3D-E525354881A3}.Debug_without_setup|Mixed Platforms.Build.0 = Debug|x86
		{F1888CEB-BD9D-4090-BD3D-E525354881A3}.Debug_without_setup|Win32.ActiveCfg = Debug|x86
		{F1888CEB-BD9D-4090-BD3D-E525354881A3}.Debug_without_setup|Win32.Build.0 = Debug|x86
		{F1888CEB-BD9D-4090-BD3D-E525354881A3}.Debug_without_setup|x86.ActiveCfg = Debug|x86
		{F1888CEB-BD9D-4090-BD3D-E525354881A3}.Debug_without_setup|x86.Build.0 = Debug|x86
		{F1888CEB-BD9D-4090-BD3D-E525354881A3}.Debug|Any CPU.ActiveCfg = Debug|Any CPU
		{F1888CEB-BD9D-4090-BD3D-E525354881A3}.Debug|Any CPU.Build.0 = Debug|Any CPU
		{F1888CEB-BD9D-4090-BD3D-E525354881A3}.Debug|Mixed Platforms.ActiveCfg = Debug|x86
		{F1888CEB-BD9D-4090-BD3D-E525354881A3}.Debug|Mixed Platforms.Build.0 = Debug|x86
		{F1888CEB-BD9D-4090-BD3D-E525354881A3}.Debug|Win32.ActiveCfg = Debug|x86
		{F1888CEB-BD9D-4090-BD3D-E525354881A3}.Debug|Win32.Build.0 = Debug|x86
		{F1888CEB-BD9D-4090-BD3D-E525354881A3}.Debug|x86.ActiveCfg = Debug|x86
		{F1888CEB-BD9D-4090-BD3D-E525354881A3}.Debug|x86.Build.0 = Debug|x86
		{F1888CEB-BD9D-4090-BD3D-E525354881A3}.Release_without_setup|Any CPU.ActiveCfg = Release|Any CPU
		{F1888CEB-BD9D-4090-BD3D-E525354881A3}.Release_without_setup|Any CPU.Build.0 = Release|Any CPU
		{F1888CEB-BD9D-4090-BD3D-E525354881A3}.Release_without_setup|Mixed Platforms.ActiveCfg = Release|x86
		{F1888CEB-BD9D-4090-BD3D-E525354881A3}.Release_without_setup|Mixed Platforms.Build.0 = Release|x86
		{F1888CEB-BD9D-4090-BD3D-E525354881A3}.Release_without_setup|Win32.ActiveCfg = Release|x86
		{F1888CEB-BD9D-4090-BD3D-E525354881A3}.Release_without_setup|Win32.Build.0 = Release|x86
		{F1888CEB-BD9D-4090-BD3D-E525354881A3}.Release_without_setup|x86.ActiveCfg = Release|x86
		{F1888CEB-BD9D-4090-BD3D-E525354881A3}.Release_without_setup|x86.Build.0 = Release|x86
		{F1888CEB-BD9D-4090-BD3D-E525354881A3}.Release|Any CPU.ActiveCfg = Release|Any CPU
		{F1888CEB-BD9D-4090-BD3D-E525354881A3}.Release|Any CPU.Build.0 = Release|Any CPU
		{F1888CEB-BD9D-4090-BD3D-E525354881A3}.Release|Mixed Platforms.ActiveCfg = Release|x86
		{F1888CEB-BD9D-4090-BD3D-E525354881A3}.Release|Mixed Platforms.Build.0 = Release|x86
		{F1888CEB-BD9D-4090-BD3D-E525354881A3}.Release|Win32.ActiveCfg = Release|x86
		{F1888CEB-BD9D-4090-BD3D-E525354881A3}.Release|Win32.Build.0 = Release|x86
		{F1888CEB-BD9D-4090-BD3D-E525354881A3}.Release|x86.ActiveCfg = Release|x86
		{F1888CEB-BD9D-4090-BD3D-E525354881A3}.Release|x86.Build.0 = Release|x86
	EndGlobalSection
	GlobalSection(SolutionProperties) = preSolution
		HideSolutionNode = FALSE
	EndGlobalSection
EndGlobal
